{
  "version": 4,
  "terraform_version": "1.9.8",
  "serial": 49,
  "lineage": "cfdc82be-0aa6-ce37-2655-34902ba643aa",
  "outputs": {
    "artifact_repo": {
      "value": "projects/test-sample-api-479708/locations/asia-south1/repositories/hello-api-repo",
      "type": "string"
    },
    "deployer_sa": {
      "value": "cloud-run-deployer@test-sample-api-479708.iam.gserviceaccount.com",
      "type": "string"
    },
    "service_url": {
      "value": "https://hello-api-2gapali6lq-el.a.run.app",
      "type": "string"
    }
  },
  "resources": [
    {
      "mode": "managed",
      "type": "google_artifact_registry_repository",
      "name": "repo",
      "provider": "provider[\"registry.terraform.io/hashicorp/google\"]",
      "instances": [
        {
          "schema_version": 0,
          "attributes": {
            "cleanup_policies": [],
            "cleanup_policy_dry_run": false,
            "create_time": "2026-01-27T19:27:54.916283Z",
            "description": "Docker images for Hello API",
            "docker_config": [],
            "effective_labels": {},
            "format": "DOCKER",
            "id": "projects/test-sample-api-479708/locations/asia-south1/repositories/hello-api-repo",
            "kms_key_name": "",
            "labels": {},
            "location": "asia-south1",
            "maven_config": [],
            "mode": "STANDARD_REPOSITORY",
            "name": "hello-api-repo",
            "project": "test-sample-api-479708",
            "remote_repository_config": [],
            "repository_id": "hello-api-repo",
            "terraform_labels": {},
            "timeouts": null,
            "update_time": "2026-01-27T20:03:00.045978Z",
            "virtual_repository_config": []
          },
          "sensitive_attributes": [],
          "private": "eyJlMmJmYjczMC1lY2FhLTExZTYtOGY4OC0zNDM2M2JjN2M0YzAiOnsiY3JlYXRlIjoxMjAwMDAwMDAwMDAwLCJkZWxldGUiOjEyMDAwMDAwMDAwMDAsInVwZGF0ZSI6MTIwMDAwMDAwMDAwMH19",
          "dependencies": [
            "google_project_service.services"
          ]
        }
      ]
    },
    {
      "mode": "managed",
      "type": "google_cloud_run_v2_service",
      "name": "hello_api",
      "provider": "provider[\"registry.terraform.io/hashicorp/google\"]",
      "instances": [
        {
          "schema_version": 0,
          "attributes": {
            "annotations": null,
            "binary_authorization": [],
            "client": "",
            "client_version": "",
            "conditions": [
              {
                "execution_reason": "",
                "last_transition_time": "2026-01-27T20:11:09.627625Z",
                "message": "",
                "reason": "",
                "revision_reason": "",
                "severity": "",
                "state": "CONDITION_SUCCEEDED",
                "type": "RoutesReady"
              },
              {
                "execution_reason": "",
                "last_transition_time": "2026-01-27T20:11:04.327736Z",
                "message": "",
                "reason": "",
                "revision_reason": "",
                "severity": "",
                "state": "CONDITION_SUCCEEDED",
                "type": "ConfigurationsReady"
              }
            ],
            "create_time": "2026-01-27T20:11:02.118018Z",
            "creator": "indranil12jana@gmail.com",
            "custom_audiences": null,
            "delete_time": "",
            "description": "",
            "effective_annotations": {},
            "effective_labels": {},
            "etag": "\"CNa35MsGENCfozg/cHJvamVjdHMvdGVzdC1zYW1wbGUtYXBpLTQ3OTcwOC9sb2NhdGlvbnMvYXNpYS1zb3V0aDEvc2VydmljZXMvaGVsbG8tYXBp\"",
            "expire_time": "",
            "generation": "1",
            "id": "projects/test-sample-api-479708/locations/asia-south1/services/hello-api",
            "ingress": "INGRESS_TRAFFIC_ALL",
            "labels": null,
            "last_modifier": "indranil12jana@gmail.com",
            "latest_created_revision": "projects/test-sample-api-479708/locations/asia-south1/services/hello-api/revisions/hello-api-00001-7ll",
            "latest_ready_revision": "projects/test-sample-api-479708/locations/asia-south1/services/hello-api/revisions/hello-api-00001-7ll",
            "launch_stage": "GA",
            "location": "asia-south1",
            "name": "hello-api",
            "observed_generation": "1",
            "project": "test-sample-api-479708",
            "reconciling": false,
            "template": [
              {
                "annotations": null,
                "containers": [
                  {
                    "args": null,
                    "command": null,
                    "depends_on": null,
                    "env": [
                      {
                        "name": "APP_ENV",
                        "value": "prod",
                        "value_source": []
                      }
                    ],
                    "image": "asia-south1-docker.pkg.dev/test-sample-api-479708/hello-api-repo/hello-api:latest",
                    "liveness_probe": [],
                    "name": "",
                    "ports": [
                      {
                        "container_port": 8000,
                        "name": "http1"
                      }
                    ],
                    "resources": [
                      {
                        "cpu_idle": true,
                        "limits": {
                          "cpu": "1",
                          "memory": "512Mi"
                        },
                        "startup_cpu_boost": false
                      }
                    ],
                    "startup_probe": [
                      {
                        "failure_threshold": 1,
                        "grpc": [],
                        "http_get": [],
                        "initial_delay_seconds": 0,
                        "period_seconds": 240,
                        "tcp_socket": [
                          {
                            "port": 8000
                          }
                        ],
                        "timeout_seconds": 240
                      }
                    ],
                    "volume_mounts": [],
                    "working_dir": ""
                  }
                ],
                "encryption_key": "",
                "execution_environment": "",
                "labels": null,
                "max_instance_request_concurrency": 80,
                "revision": "",
                "scaling": [
                  {
                    "max_instance_count": 5,
                    "min_instance_count": 0
                  }
                ],
                "service_account": "cloud-run-deployer@test-sample-api-479708.iam.gserviceaccount.com",
                "session_affinity": false,
                "timeout": "30s",
                "volumes": [],
                "vpc_access": []
              }
            ],
            "terminal_condition": [
              {
                "execution_reason": "",
                "last_transition_time": "2026-01-27T20:11:09.670295Z",
                "message": "",
                "reason": "",
                "revision_reason": "",
                "severity": "",
                "state": "CONDITION_SUCCEEDED",
                "type": "Ready"
              }
            ],
            "terraform_labels": {},
            "timeouts": null,
            "traffic": [
              {
                "percent": 100,
                "revision": "",
                "tag": "",
                "type": "TRAFFIC_TARGET_ALLOCATION_TYPE_LATEST"
              }
            ],
            "traffic_statuses": [
              {
                "percent": 100,
                "revision": "",
                "tag": "",
                "type": "TRAFFIC_TARGET_ALLOCATION_TYPE_LATEST",
                "uri": ""
              }
            ],
            "uid": "0eac2c96-397f-4d42-b556-64d85717c5a2",
            "update_time": "2026-01-27T20:11:02.118018Z",
            "uri": "https://hello-api-2gapali6lq-el.a.run.app"
          },
          "sensitive_attributes": [],
          "private": "eyJlMmJmYjczMC1lY2FhLTExZTYtOGY4OC0zNDM2M2JjN2M0YzAiOnsiY3JlYXRlIjoxMjAwMDAwMDAwMDAwLCJkZWxldGUiOjEyMDAwMDAwMDAwMDAsInVwZGF0ZSI6MTIwMDAwMDAwMDAwMH19",
          "dependencies": [
            "google_artifact_registry_repository.repo",
            "google_project_iam_member.deployer_roles",
            "google_project_service.services",
            "google_service_account.deployer"
          ]
        }
      ]
    },
    {
      "mode": "managed",
      "type": "google_cloud_run_v2_service_iam_policy",
      "name": "public",
      "provider": "provider[\"registry.terraform.io/hashicorp/google\"]",
      "instances": [
        {
          "index_key": 0,
          "schema_version": 0,
          "attributes": {
            "etag": "BwZJZA2g4p4=",
            "id": "projects/test-sample-api-479708/locations/asia-south1/services/hello-api",
            "location": "asia-south1",
            "name": "projects/test-sample-api-479708/locations/asia-south1/services/hello-api",
            "policy_data": "{\"bindings\":[{\"members\":[\"allUsers\"],\"role\":\"roles/run.invoker\"}]}",
            "project": "test-sample-api-479708"
          },
          "sensitive_attributes": [],
          "private": "bnVsbA==",
          "dependencies": [
            "google_artifact_registry_repository.repo",
            "google_cloud_run_v2_service.hello_api",
            "google_project_iam_member.deployer_roles",
            "google_project_service.services",
            "google_service_account.deployer"
          ]
        }
      ]
    },
    {
      "mode": "managed",
      "type": "google_project_iam_member",
      "name": "deployer_roles",
      "provider": "provider[\"registry.terraform.io/hashicorp/google\"]",
      "instances": [
        {
          "index_key": "roles/artifactregistry.reader",
          "schema_version": 0,
          "attributes": {
            "condition": [],
            "etag": "BwZJY5+S03E=",
            "id": "test-sample-api-479708/roles/artifactregistry.reader/serviceAccount:cloud-run-deployer@test-sample-api-479708.iam.gserviceaccount.com",
            "member": "serviceAccount:cloud-run-deployer@test-sample-api-479708.iam.gserviceaccount.com",
            "project": "test-sample-api-479708",
            "role": "roles/artifactregistry.reader"
          },
          "sensitive_attributes": [],
          "private": "bnVsbA==",
          "dependencies": [
            "google_service_account.deployer"
          ]
        },
        {
          "index_key": "roles/iam.serviceAccountUser",
          "schema_version": 0,
          "attributes": {
            "condition": [],
            "etag": "BwZJY5+S03E=",
            "id": "test-sample-api-479708/roles/iam.serviceAccountUser/serviceAccount:cloud-run-deployer@test-sample-api-479708.iam.gserviceaccount.com",
            "member": "serviceAccount:cloud-run-deployer@test-sample-api-479708.iam.gserviceaccount.com",
            "project": "test-sample-api-479708",
            "role": "roles/iam.serviceAccountUser"
          },
          "sensitive_attributes": [],
          "private": "bnVsbA==",
          "dependencies": [
            "google_service_account.deployer"
          ]
        },
        {
          "index_key": "roles/run.admin",
          "schema_version": 0,
          "attributes": {
            "condition": [],
            "etag": "BwZJY5+S03E=",
            "id": "test-sample-api-479708/roles/run.admin/serviceAccount:cloud-run-deployer@test-sample-api-479708.iam.gserviceaccount.com",
            "member": "serviceAccount:cloud-run-deployer@test-sample-api-479708.iam.gserviceaccount.com",
            "project": "test-sample-api-479708",
            "role": "roles/run.admin"
          },
          "sensitive_attributes": [],
          "private": "bnVsbA==",
          "dependencies": [
            "google_service_account.deployer"
          ]
        }
      ]
    },
    {
      "mode": "managed",
      "type": "google_project_service",
      "name": "services",
      "provider": "provider[\"registry.terraform.io/hashicorp/google\"]",
      "instances": [
        {
          "index_key": "artifactregistry.googleapis.com",
          "schema_version": 0,
          "attributes": {
            "disable_dependent_services": null,
            "disable_on_destroy": false,
            "id": "test-sample-api-479708/artifactregistry.googleapis.com",
            "project": "test-sample-api-479708",
            "service": "artifactregistry.googleapis.com",
            "timeouts": null
          },
          "sensitive_attributes": [],
          "private": "eyJlMmJmYjczMC1lY2FhLTExZTYtOGY4OC0zNDM2M2JjN2M0YzAiOnsiY3JlYXRlIjoxMjAwMDAwMDAwMDAwLCJkZWxldGUiOjEyMDAwMDAwMDAwMDAsInJlYWQiOjYwMDAwMDAwMDAwMCwidXBkYXRlIjoxMjAwMDAwMDAwMDAwfX0="
        },
        {
          "index_key": "iam.googleapis.com",
          "schema_version": 0,
          "attributes": {
            "disable_dependent_services": null,
            "disable_on_destroy": false,
            "id": "test-sample-api-479708/iam.googleapis.com",
            "project": "test-sample-api-479708",
            "service": "iam.googleapis.com",
            "timeouts": null
          },
          "sensitive_attributes": [],
          "private": "eyJlMmJmYjczMC1lY2FhLTExZTYtOGY4OC0zNDM2M2JjN2M0YzAiOnsiY3JlYXRlIjoxMjAwMDAwMDAwMDAwLCJkZWxldGUiOjEyMDAwMDAwMDAwMDAsInJlYWQiOjYwMDAwMDAwMDAwMCwidXBkYXRlIjoxMjAwMDAwMDAwMDAwfX0="
        },
        {
          "index_key": "run.googleapis.com",
          "schema_version": 0,
          "attributes": {
            "disable_dependent_services": null,
            "disable_on_destroy": false,
            "id": "test-sample-api-479708/run.googleapis.com",
            "project": "test-sample-api-479708",
            "service": "run.googleapis.com",
            "timeouts": null
          },
          "sensitive_attributes": [],
          "private": "eyJlMmJmYjczMC1lY2FhLTExZTYtOGY4OC0zNDM2M2JjN2M0YzAiOnsiY3JlYXRlIjoxMjAwMDAwMDAwMDAwLCJkZWxldGUiOjEyMDAwMDAwMDAwMDAsInJlYWQiOjYwMDAwMDAwMDAwMCwidXBkYXRlIjoxMjAwMDAwMDAwMDAwfX0="
        },
        {
          "index_key": "secretmanager.googleapis.com",
          "schema_version": 0,
          "attributes": {
            "disable_dependent_services": null,
            "disable_on_destroy": false,
            "id": "test-sample-api-479708/secretmanager.googleapis.com",
            "project": "test-sample-api-479708",
            "service": "secretmanager.googleapis.com",
            "timeouts": null
          },
          "sensitive_attributes": [],
          "private": "eyJlMmJmYjczMC1lY2FhLTExZTYtOGY4OC0zNDM2M2JjN2M0YzAiOnsiY3JlYXRlIjoxMjAwMDAwMDAwMDAwLCJkZWxldGUiOjEyMDAwMDAwMDAwMDAsInJlYWQiOjYwMDAwMDAwMDAwMCwidXBkYXRlIjoxMjAwMDAwMDAwMDAwfX0="
        }
      ]
    },
    {
      "mode": "managed",
      "type": "google_service_account",
      "name": "deployer",
      "provider": "provider[\"registry.terraform.io/hashicorp/google\"]",
      "instances": [
        {
          "schema_version": 0,
          "attributes": {
            "account_id": "cloud-run-deployer",
            "create_ignore_already_exists": null,
            "description": "",
            "disabled": false,
            "display_name": "Cloud Run Deployer",
            "email": "cloud-run-deployer@test-sample-api-479708.iam.gserviceaccount.com",
            "id": "projects/test-sample-api-479708/serviceAccounts/cloud-run-deployer@test-sample-api-479708.iam.gserviceaccount.com",
            "member": "serviceAccount:cloud-run-deployer@test-sample-api-479708.iam.gserviceaccount.com",
            "name": "projects/test-sample-api-479708/serviceAccounts/cloud-run-deployer@test-sample-api-479708.iam.gserviceaccount.com",
            "project": "test-sample-api-479708",
            "timeouts": null,
            "unique_id": "110462299724137324261"
          },
          "sensitive_attributes": [],
          "private": "eyJlMmJmYjczMC1lY2FhLTExZTYtOGY4OC0zNDM2M2JjN2M0YzAiOnsiY3JlYXRlIjozMDAwMDAwMDAwMDB9fQ=="
        }
      ]
    }
  ],
  "check_results": null
}
